<?xml version="1.0" encoding="utf-8"?>
<Project ToolsVersion="4.0" xmlns="http://schemas.microsoft.com/developer/msbuild/2003">
  <ItemGroup>
    <Filter Include="Resource Files">
      <UniqueIdentifier>{67DA6AB6-F800-4c08-8B7A-83BB121AAD01}</UniqueIdentifier>
      <Extensions>rc;ico;cur;bmp;dlg;rc2;rct;bin;rgs;gif;jpg;jpeg;jpe;resx;tiff;tif;png;wav;mfcribbon-ms</Extensions>
    </Filter>
    <Filter Include="Shaders">
      <UniqueIdentifier>{8b6c92a8-f65d-451e-80e3-d65773602b92}</UniqueIdentifier>
    </Filter>
    <Filter Include="Framework">
      <UniqueIdentifier>{0a9852bf-b173-481b-84ee-a7051ee10a56}</UniqueIdentifier>
    </Filter>
    <Filter Include="Framework\Header Files">
      <UniqueIdentifier>{93995380-89BD-4b04-88EB-625FBE52EBFB}</UniqueIdentifier>
      <Extensions>h;hh;hpp;hxx;hm;inl;inc;xsd</Extensions>
    </Filter>
    <Filter Include="Framework\Source Files">
      <UniqueIdentifier>{4FC737F1-C7A5-4376-A066-2A32D752A2FF}</UniqueIdentifier>
      <Extensions>cpp;c;cc;cxx;def;odl;idl;hpj;bat;asm;asmx</Extensions>
    </Filter>
    <Filter Include="Framework\Additions">
      <UniqueIdentifier>{64ea34c0-e070-46d7-92e2-14c0f9320cf9}</UniqueIdentifier>
    </Filter>
    <Filter Include="Game">
      <UniqueIdentifier>{6b5e6ca3-24e6-4509-82ea-3438bfeaaea0}</UniqueIdentifier>
    </Filter>
  </ItemGroup>
  <ItemGroup>
    <ClInclude Include="ChiliWin.h">
      <Filter>Framework\Header Files</Filter>
    </ClInclude>
    <ClInclude Include="Colors.h">
      <Filter>Framework\Header Files</Filter>
    </ClInclude>
    <ClInclude Include="DXErr.h">
      <Filter>Framework\Header Files</Filter>
    </ClInclude>
    <ClInclude Include="Graphics.h">
      <Filter>Framework\Header Files</Filter>
    </ClInclude>
    <ClInclude Include="Keyboard.h">
      <Filter>Framework\Header Files</Filter>
    </ClInclude>
    <ClInclude Include="MainWindow.h">
      <Filter>Framework\Header Files</Filter>
    </ClInclude>
    <ClInclude Include="Mouse.h">
      <Filter>Framework\Header Files</Filter>
    </ClInclude>
    <ClInclude Include="ChiliException.h">
      <Filter>Framework\Header Files</Filter>
    </ClInclude>
    <ClInclude Include="Resource.h">
      <Filter>Framework\Header Files</Filter>
    </ClInclude>
    <ClInclude Include="Sound.h">
      <Filter>Framework\Header Files</Filter>
    </ClInclude>
    <ClInclude Include="SoundEffect.h">
      <Filter>Framework\Header Files</Filter>
    </ClInclude>
    <ClInclude Include="COMInitializer.h">
      <Filter>Framework\Header Files</Filter>
    </ClInclude>
    <ClInclude Include="Vec2.h">
      <Filter>Framework\Additions</Filter>
    </ClInclude>
    <ClInclude Include="Text.h">
      <Filter>Framework\Additions</Filter>
    </ClInclude>
    <ClInclude Include="FrameTimer.h">
      <Filter>Framework\Additions</Filter>
    </ClInclude>
    <ClInclude Include="Rec.h">
      <Filter>Framework\Additions</Filter>
    </ClInclude>
    <ClInclude Include="Surface.h">
      <Filter>Framework\Additions</Filter>
    </ClInclude>
    <ClInclude Include="SurfaceCodex.h">
      <Filter>Framework\Additions</Filter>
    </ClInclude>
    <ClInclude Include="Game.h">
      <Filter>Game</Filter>
    </ClInclude>
    <ClInclude Include="SpriteEffect.h">
      <Filter>Framework\Additions</Filter>
    </ClInclude>
  </ItemGroup>
  <ItemGroup>
    <ClCompile Include="DXErr.cpp">
      <Filter>Framework\Source Files</Filter>
    </ClCompile>
    <ClCompile Include="Graphics.cpp">
      <Filter>Framework\Source Files</Filter>
    </ClCompile>
    <ClCompile Include="Keyboard.cpp">
      <Filter>Framework\Source Files</Filter>
    </ClCompile>
    <ClCompile Include="Main.cpp">
      <Filter>Framework\Source Files</Filter>
    </ClCompile>
    <ClCompile Include="MainWindow.cpp">
      <Filter>Framework\Source Files</Filter>
    </ClCompile>
    <ClCompile Include="Mouse.cpp">
      <Filter>Framework\Source Files</Filter>
    </ClCompile>
    <ClCompile Include="Sound.cpp">
      <Filter>Framework\Source Files</Filter>
    </ClCompile>
    <ClCompile Include="COMInitializer.cpp">
      <Filter>Framework\Source Files</Filter>
    </ClCompile>
    <ClCompile Include="Surface.cpp">
      <Filter>Framework\Additions</Filter>
    </ClCompile>
    <ClCompile Include="Game.cpp">
      <Filter>Game</Filter>
    </ClCompile>
    <ClCompile Include="SufaceOD.cpp">
      <Filter>Framework\Additions</Filter>
    </ClCompile>
    <ClCompile Include="GraphicsOD.cpp">
      <Filter>Framework\Source Files</Filter>
    </ClCompile>
  </ItemGroup>
  <ItemGroup>
    <FxCompile Include="FramebufferPS.hlsl">
      <Filter>Shaders</Filter>
    </FxCompile>
    <FxCompile Include="FramebufferVS.hlsl">
      <Filter>Shaders</Filter>
    </FxCompile>
  </ItemGroup>
  <ItemGroup>
    <ResourceCompile Include="Resource.rc">
      <Filter>Resource Files</Filter>
    </ResourceCompile>
  </ItemGroup>
  <ItemGroup>
    <Image Include="Chili.ico">
      <Filter>Resource Files</Filter>
    </Image>
  </ItemGroup>
</Project>